// !$*UTF8*$!
{
	archiveVersion = 1;
	classes = {
	};
	objectVersion = 56;
	objects = {

/* Begin PBXBuildFile section */
		05CABD6F2A41DBEB0030ECFA /* AppDelegate.swift in Sources */ = {isa = PBXBuildFile; fileRef = 05CABD6E2A41DBEB0030ECFA /* AppDelegate.swift */; };
		05CABD712A41DBEB0030ECFA /* art.scnassets in Resources */ = {isa = PBXBuildFile; fileRef = 05CABD702A41DBEB0030ECFA /* art.scnassets */; };
		05CABD732A41DBEB0030ECFA /* ViewController.swift in Sources */ = {isa = PBXBuildFile; fileRef = 05CABD722A41DBEB0030ECFA /* ViewController.swift */; };
		05CABD762A41DBEB0030ECFA /* Main.storyboard in Resources */ = {isa = PBXBuildFile; fileRef = 05CABD742A41DBEB0030ECFA /* Main.storyboard */; };
		05CABD7B2A41DBEB0030ECFA /* LaunchScreen.storyboard in Resources */ = {isa = PBXBuildFile; fileRef = 05CABD792A41DBEB0030ECFA /* LaunchScreen.storyboard */; };
		1A0E0C132C20810B004F09FF /* Assets.xcassets in Resources */ = {isa = PBXBuildFile; fileRef = 1A0E0C112C20810B004F09FF /* Assets.xcassets */; };
		1A0E0C1F2C2094C4004F09FF /* ViewController.swift in Resources */ = {isa = PBXBuildFile; fileRef = 05CABD722A41DBEB0030ECFA /* ViewController.swift */; };
		1A0E0C202C2094C9004F09FF /* AppDelegate.swift in Resources */ = {isa = PBXBuildFile; fileRef = 05CABD6E2A41DBEB0030ECFA /* AppDelegate.swift */; };
		1A6118622C22B9FF00754673 /* InventoryViewConroller.swift in Sources */ = {isa = PBXBuildFile; fileRef = 1A6118612C22B9FF00754673 /* InventoryViewConroller.swift */; };
		1A8A4A1F2C22EF940069FB56 /* Fire_Sound_1.mp3 in Resources */ = {isa = PBXBuildFile; fileRef = 1A8A4A1B2C22EF940069FB56 /* Fire_Sound_1.mp3 */; };
		1A8A4A202C22EF940069FB56 /* Fire_Sound_2.mp3 in Resources */ = {isa = PBXBuildFile; fileRef = 1A8A4A1C2C22EF940069FB56 /* Fire_Sound_2.mp3 */; };
		1A8A4A212C22EF940069FB56 /* Water_Sound.mp3 in Resources */ = {isa = PBXBuildFile; fileRef = 1A8A4A1D2C22EF940069FB56 /* Water_Sound.mp3 */; };
/* End PBXBuildFile section */

/* Begin PBXFileReference section */
		05CABD6B2A41DBEB0030ECFA /* NC2_ARKit.app */ = {isa = PBXFileReference; explicitFileType = wrapper.application; includeInIndex = 0; path = NC2_ARKit.app; sourceTree = BUILT_PRODUCTS_DIR; };
		05CABD6E2A41DBEB0030ECFA /* AppDelegate.swift */ = {isa = PBXFileReference; lastKnownFileType = sourcecode.swift; path = AppDelegate.swift; sourceTree = "<group>"; };
		05CABD702A41DBEB0030ECFA /* art.scnassets */ = {isa = PBXFileReference; lastKnownFileType = wrapper.scnassets; path = art.scnassets; sourceTree = "<group>"; };
		05CABD722A41DBEB0030ECFA /* ViewController.swift */ = {isa = PBXFileReference; lastKnownFileType = sourcecode.swift; path = ViewController.swift; sourceTree = "<group>"; };
		05CABD752A41DBEB0030ECFA /* Base */ = {isa = PBXFileReference; lastKnownFileType = file.storyboard; name = Base; path = Base.lproj/Main.storyboard; sourceTree = "<group>"; };
		05CABD7A2A41DBEB0030ECFA /* Base */ = {isa = PBXFileReference; lastKnownFileType = file.storyboard; name = Base; path = Base.lproj/LaunchScreen.storyboard; sourceTree = "<group>"; };
		1A0E0C112C20810B004F09FF /* Assets.xcassets */ = {isa = PBXFileReference; lastKnownFileType = folder.assetcatalog; name = Assets.xcassets; path = ../Assets.xcassets; sourceTree = "<group>"; };
		1A0E0C1C2C2094B1004F09FF /* NC2_ARKit.xcodeproj */ = {isa = PBXFileReference; lastKnownFileType = "wrapper.pb-project"; path = NC2_ARKit.xcodeproj; sourceTree = "<group>"; };
		1A6118612C22B9FF00754673 /* InventoryViewConroller.swift */ = {isa = PBXFileReference; lastKnownFileType = sourcecode.swift; path = InventoryViewConroller.swift; sourceTree = "<group>"; };
		1A8A4A1B2C22EF940069FB56 /* Fire_Sound_1.mp3 */ = {isa = PBXFileReference; lastKnownFileType = audio.mp3; path = Fire_Sound_1.mp3; sourceTree = "<group>"; };
		1A8A4A1C2C22EF940069FB56 /* Fire_Sound_2.mp3 */ = {isa = PBXFileReference; lastKnownFileType = audio.mp3; path = Fire_Sound_2.mp3; sourceTree = "<group>"; };
		1A8A4A1D2C22EF940069FB56 /* Water_Sound.mp3 */ = {isa = PBXFileReference; lastKnownFileType = audio.mp3; path = Water_Sound.mp3; sourceTree = "<group>"; };
/* End PBXFileReference section */

/* Begin PBXFrameworksBuildPhase section */
		05CABD682A41DBEB0030ECFA /* Frameworks */ = {
			isa = PBXFrameworksBuildPhase;
			buildActionMask = 2147483647;
			files = (
			);
			runOnlyForDeploymentPostprocessing = 0;
		};
/* End PBXFrameworksBuildPhase section */

/* Begin PBXGroup section */
		05CABD622A41DBEB0030ECFA = {
			isa = PBXGroup;
			children = (
				1A0E0C1C2C2094B1004F09FF /* NC2_ARKit.xcodeproj */,
				05CABD6D2A41DBEB0030ECFA /* NC2_ARKit */,
				05CABD6C2A41DBEB0030ECFA /* Products */,
			);
			sourceTree = "<group>";
		};
		05CABD6C2A41DBEB0030ECFA /* Products */ = {
			isa = PBXGroup;
			children = (
				05CABD6B2A41DBEB0030ECFA /* NC2_ARKit.app */,
			);
			name = Products;
			sourceTree = "<group>";
		};
		05CABD6D2A41DBEB0030ECFA /* NC2_ARKit */ = {
			isa = PBXGroup;
			children = (
				1A8A4A1E2C22EF940069FB56 /* Sound */,
				05CABD6E2A41DBEB0030ECFA /* AppDelegate.swift */,
				05CABD702A41DBEB0030ECFA /* art.scnassets */,
				05CABD722A41DBEB0030ECFA /* ViewController.swift */,
				05CABD742A41DBEB0030ECFA /* Main.storyboard */,
				1A0E0C112C20810B004F09FF /* Assets.xcassets */,
				05CABD792A41DBEB0030ECFA /* LaunchScreen.storyboard */,
				1A6118612C22B9FF00754673 /* InventoryViewConroller.swift */,
			);
			path = NC2_ARKit;
			sourceTree = "<group>";
		};
		1A61185F2C22A65D00754673 /* Products */ = {
			isa = PBXGroup;
			name = Products;
			sourceTree = "<group>";
		};
		1A8A4A1E2C22EF940069FB56 /* Sound */ = {
			isa = PBXGroup;
			children = (
				1A8A4A1B2C22EF940069FB56 /* Fire_Sound_1.mp3 */,
				1A8A4A1C2C22EF940069FB56 /* Fire_Sound_2.mp3 */,
				1A8A4A1D2C22EF940069FB56 /* Water_Sound.mp3 */,
			);
			path = Sound;
			sourceTree = "<group>";
		};
/* End PBXGroup section */

/* Begin PBXNativeTarget section */
		05CABD6A2A41DBEB0030ECFA /* NC2_ARKit */ = {
			isa = PBXNativeTarget;
			buildConfigurationList = 05CABD7E2A41DBEB0030ECFA /* Build configuration list for PBXNativeTarget "NC2_ARKit" */;
			buildPhases = (
				05CABD672A41DBEB0030ECFA /* Sources */,
				05CABD682A41DBEB0030ECFA /* Frameworks */,
				05CABD692A41DBEB0030ECFA /* Resources */,
			);
			buildRules = (
			);
			dependencies = (
			);
			name = NC2_ARKit;
			productName = HeadBingBing;
			productReference = 05CABD6B2A41DBEB0030ECFA /* NC2_ARKit.app */;
			productType = "com.apple.product-type.application";
		};
/* End PBXNativeTarget section */

/* Begin PBXProject section */
		05CABD632A41DBEB0030ECFA /* Project object */ = {
			isa = PBXProject;
			attributes = {
				BuildIndependentTargetsInParallel = 1;
				LastSwiftUpdateCheck = 1430;
				LastUpgradeCheck = 1540;
				TargetAttributes = {
					05CABD6A2A41DBEB0030ECFA = {
						CreatedOnToolsVersion = 14.3;
					};
				};
			};
			buildConfigurationList = 05CABD662A41DBEB0030ECFA /* Build configuration list for PBXProject "NC2_ARKit" */;
			compatibilityVersion = "Xcode 14.0";
			developmentRegion = en;
			hasScannedForEncodings = 0;
			knownRegions = (
				en,
				Base,
			);
			mainGroup = 05CABD622A41DBEB0030ECFA;
			productRefGroup = 05CABD6C2A41DBEB0030ECFA /* Products */;
			projectDirPath = "";
			projectReferences = (
				{
					ProductGroup = 1A61185F2C22A65D00754673 /* Products */;
					ProjectRef = 1A0E0C1C2C2094B1004F09FF /* NC2_ARKit.xcodeproj */;
				},
			);
			projectRoot = "";
			targets = (
				05CABD6A2A41DBEB0030ECFA /* NC2_ARKit */,
			);
		};
/* End PBXProject section */

/* Begin PBXResourcesBuildPhase section */
		05CABD692A41DBEB0030ECFA /* Resources */ = {
			isa = PBXResourcesBuildPhase;
			buildActionMask = 2147483647;
			files = (
				1A8A4A212C22EF940069FB56 /* Water_Sound.mp3 in Resources */,
				1A0E0C202C2094C9004F09FF /* AppDelegate.swift in Resources */,
				1A8A4A1F2C22EF940069FB56 /* Fire_Sound_1.mp3 in Resources */,
				1A0E0C1F2C2094C4004F09FF /* ViewController.swift in Resources */,
				05CABD712A41DBEB0030ECFA /* art.scnassets in Resources */,
				05CABD7B2A41DBEB0030ECFA /* LaunchScreen.storyboard in Resources */,
				1A8A4A202C22EF940069FB56 /* Fire_Sound_2.mp3 in Resources */,
				1A0E0C132C20810B004F09FF /* Assets.xcassets in Resources */,
				05CABD762A41DBEB0030ECFA /* Main.storyboard in Resources */,
			);
			runOnlyForDeploymentPostprocessing = 0;
		};
/* End PBXResourcesBuildPhase section */

/* Begin PBXSourcesBuildPhase section */
		05CABD672A41DBEB0030ECFA /* Sources */ = {
			isa = PBXSourcesBuildPhase;
			buildActionMask = 2147483647;
			files = (
				05CABD732A41DBEB0030ECFA /* ViewController.swift in Sources */,
				1A6118622C22B9FF00754673 /* InventoryViewConroller.swift in Sources */,
				05CABD6F2A41DBEB0030ECFA /* AppDelegate.swift in Sources */,
			);
			runOnlyForDeploymentPostprocessing = 0;
		};
/* End PBXSourcesBuildPhase section */

/* Begin PBXVariantGroup section */
		05CABD742A41DBEB0030ECFA /* Main.storyboard */ = {
			isa = PBXVariantGroup;
			children = (
				05CABD752A41DBEB0030ECFA /* Base */,
			);
			name = Main.storyboard;
			sourceTree = "<group>";
		};
		05CABD792A41DBEB0030ECFA /* LaunchScreen.storyboard */ = {
			isa = PBXVariantGroup;
			children = (
				05CABD7A2A41DBEB0030ECFA /* Base */,
			);
			name = LaunchScreen.storyboard;
			sourceTree = "<group>";
		};
/* End PBXVariantGroup section */

/* Begin XCBuildConfiguration section */
		05CABD7C2A41DBEB0030ECFA /* Debug */ = {
			isa = XCBuildConfiguration;
			buildSettings = {
				ALWAYS_SEARCH_USER_PATHS = NO;
				CLANG_ANALYZER_NONNULL = YES;
				CLANG_ANALYZER_NUMBER_OBJECT_CONVERSION = YES_AGGRESSIVE;
				CLANG_CXX_LANGUAGE_STANDARD = "gnu++20";
				CLANG_ENABLE_MODULES = YES;
				CLANG_ENABLE_OBJC_ARC = YES;
				CLANG_ENABLE_OBJC_WEAK = YES;
				CLANG_WARN_BLOCK_CAPTURE_AUTORELEASING = YES;
				CLANG_WARN_BOOL_CONVERSION = YES;
				CLANG_WARN_COMMA = YES;
				CLANG_WARN_CONSTANT_CONVERSION = YES;
				CLANG_WARN_DEPRECATED_OBJC_IMPLEMENTATIONS = YES;
				CLANG_WARN_DIRECT_OBJC_ISA_USAGE = YES_ERROR;
				CLANG_WARN_DOCUMENTATION_COMMENTS = YES;
				CLANG_WARN_EMPTY_BODY = YES;
				CLANG_WARN_ENUM_CONVERSION = YES;
				CLANG_WARN_INFINITE_RECURSION = YES;
				CLANG_WARN_INT_CONVERSION = YES;
				CLANG_WARN_NON_LITERAL_NULL_CONVERSION = YES;
				CLANG_WARN_OBJC_IMPLICIT_RETAIN_SELF = YES;
				CLANG_WARN_OBJC_LITERAL_CONVERSION = YES;
				CLANG_WARN_OBJC_ROOT_CLASS = YES_ERROR;
				CLANG_WARN_QUOTED_INCLUDE_IN_FRAMEWORK_HEADER = YES;
				CLANG_WARN_RANGE_LOOP_ANALYSIS = YES;
				CLANG_WARN_STRICT_PROTOTYPES = YES;
				CLANG_WARN_SUSPICIOUS_MOVE = YES;
				CLANG_WARN_UNGUARDED_AVAILABILITY = YES_AGGRESSIVE;
				CLANG_WARN_UNREACHABLE_CODE = YES;
				CLANG_WARN__DUPLICATE_METHOD_MATCH = YES;
				COPY_PHASE_STRIP = NO;
				DEBUG_INFORMATION_FORMAT = dwarf;
				ENABLE_STRICT_OBJC_MSGSEND = YES;
				ENABLE_TESTABILITY = YES;
				ENABLE_USER_SCRIPT_SANDBOXING = YES;
				GCC_C_LANGUAGE_STANDARD = gnu11;
				GCC_DYNAMIC_NO_PIC = NO;
				GCC_NO_COMMON_BLOCKS = YES;
				GCC_OPTIMIZATION_LEVEL = 0;
				GCC_PREPROCESSOR_DEFINITIONS = (
					"DEBUG=1",
					"$(inherited)",
				);
				GCC_WARN_64_TO_32_BIT_CONVERSION = YES;
				GCC_WARN_ABOUT_RETURN_TYPE = YES_ERROR;
				GCC_WARN_UNDECLARED_SELECTOR = YES;
				GCC_WARN_UNINITIALIZED_AUTOS = YES_AGGRESSIVE;
				GCC_WARN_UNUSED_FUNCTION = YES;
				GCC_WARN_UNUSED_VARIABLE = YES;
				IPHONEOS_DEPLOYMENT_TARGET = 17.0;
				MTL_ENABLE_DEBUG_INFO = INCLUDE_SOURCE;
				MTL_FAST_MATH = YES;
				ONLY_ACTIVE_ARCH = YES;
				SDKROOT = iphoneos;
				SWIFT_ACTIVE_COMPILATION_CONDITIONS = DEBUG;
				SWIFT_OPTIMIZATION_LEVEL = "-Onone";
			};
			name = Debug;
		};
		05CABD7D2A41DBEB0030ECFA /* Release */ = {
			isa = XCBuildConfiguration;
			buildSettings = {
				ALWAYS_SEARCH_USER_PATHS = NO;
				CLANG_ANALYZER_NONNULL = YES;
				CLANG_ANALYZER_NUMBER_OBJECT_CONVERSION = YES_AGGRESSIVE;
				CLANG_CXX_LANGUAGE_STANDARD = "gnu++20";
				CLANG_ENABLE_MODULES = YES;
				CLANG_ENABLE_OBJC_ARC = YES;
				CLANG_ENABLE_OBJC_WEAK = YES;
				CLANG_WARN_BLOCK_CAPTURE_AUTORELEASING = YES;
				CLANG_WARN_BOOL_CONVERSION = YES;
				CLANG_WARN_COMMA = YES;
				CLANG_WARN_CONSTANT_CONVERSION = YES;
				CLANG_WARN_DEPRECATED_OBJC_IMPLEMENTATIONS = YES;
				CLANG_WARN_DIRECT_OBJC_ISA_USAGE = YES_ERROR;
				CLANG_WARN_DOCUMENTATION_COMMENTS = YES;
				CLANG_WARN_EMPTY_BODY = YES;
				CLANG_WARN_ENUM_CONVERSION = YES;
				CLANG_WARN_INFINITE_RECURSION = YES;
				CLANG_WARN_INT_CONVERSION = YES;
				CLANG_WARN_NON_LITERAL_NULL_CONVERSION = YES;
				CLANG_WARN_OBJC_IMPLICIT_RETAIN_SELF = YES;
				CLANG_WARN_OBJC_LITERAL_CONVERSION = YES;
				CLANG_WARN_OBJC_ROOT_CLASS = YES_ERROR;
				CLANG_WARN_QUOTED_INCLUDE_IN_FRAMEWORK_HEADER = YES;
				CLANG_WARN_RANGE_LOOP_ANALYSIS = YES;
				CLANG_WARN_STRICT_PROTOTYPES = YES;
				CLANG_WARN_SUSPICIOUS_MOVE = YES;
				CLANG_WARN_UNGUARDED_AVAILABILITY = YES_AGGRESSIVE;
				CLANG_WARN_UNREACHABLE_CODE = YES;
				CLANG_WARN__DUPLICATE_METHOD_MATCH = YES;
				COPY_PHASE_STRIP = NO;
				DEBUG_INFORMATION_FORMAT = "dwarf-with-dsym";
				ENABLE_NS_ASSERTIONS = NO;
				ENABLE_STRICT_OBJC_MSGSEND = YES;
				ENABLE_USER_SCRIPT_SANDBOXING = YES;
				GCC_C_LANGUAGE_STANDARD = gnu11;
				GCC_NO_COMMON_BLOCKS = YES;
				GCC_WARN_64_TO_32_BIT_CONVERSION = YES;
				GCC_WARN_ABOUT_RETURN_TYPE = YES_ERROR;
				GCC_WARN_UNDECLARED_SELECTOR = YES;
				GCC_WARN_UNINITIALIZED_AUTOS = YES_AGGRESSIVE;
				GCC_WARN_UNUSED_FUNCTION = YES;
				GCC_WARN_UNUSED_VARIABLE = YES;
				IPHONEOS_DEPLOYMENT_TARGET = 17.0;
				MTL_ENABLE_DEBUG_INFO = NO;
				MTL_FAST_MATH = YES;
				SDKROOT = iphoneos;
				SWIFT_COMPILATION_MODE = wholemodule;
				SWIFT_OPTIMIZATION_LEVEL = "-O";
				VALIDATE_PRODUCT = YES;
			};
			name = Release;
		};
		05CABD7F2A41DBEB0030ECFA /* Debug */ = {
			isa = XCBuildConfiguration;
			buildSettings = {
				ASSETCATALOG_COMPILER_APPICON_NAME = AppIcon;
				ASSETCATALOG_COMPILER_GLOBAL_ACCENT_COLOR_NAME = AccentColor;
				CODE_SIGN_IDENTITY = "Apple Development";
				CODE_SIGN_STYLE = Automatic;
				CURRENT_PROJECT_VERSION = 1;
				DEVELOPMENT_TEAM = KH2J34Z4ZK;
				GENERATE_INFOPLIST_FILE = YES;
				INFOPLIST_KEY_NSCameraUsageDescription = "";
				INFOPLIST_KEY_UIApplicationSupportsIndirectInputEvents = YES;
				INFOPLIST_KEY_UILaunchStoryboardName = LaunchScreen;
				INFOPLIST_KEY_UIMainStoryboardFile = Main;
				INFOPLIST_KEY_UIRequiredDeviceCapabilities = arkit;
				INFOPLIST_KEY_UIStatusBarHidden = YES;
				INFOPLIST_KEY_UISupportedInterfaceOrientations_iPad = "UIInterfaceOrientationPortrait UIInterfaceOrientationPortraitUpsideDown UIInterfaceOrientationLandscapeLeft UIInterfaceOrientationLandscapeRight";
				INFOPLIST_KEY_UISupportedInterfaceOrientations_iPhone = "UIInterfaceOrientationPortrait UIInterfaceOrientationLandscapeLeft UIInterfaceOrientationLandscapeRight";
				LD_RUNPATH_SEARCH_PATHS = (
					"$(inherited)",
					"@executable_path/Frameworks",
				);
				MARKETING_VERSION = 1.0;
				PRODUCT_BUNDLE_IDENTIFIER = hyeonheebee.com;
				PRODUCT_NAME = "$(TARGET_NAME)";
				PROVISIONING_PROFILE_SPECIFIER = "";
				SWIFT_EMIT_LOC_STRINGS = YES;
				SWIFT_VERSION = 5.0;
				TARGETED_DEVICE_FAMILY = "1,2";
			};
			name = Debug;
		};
		05CABD802A41DBEB0030ECFA /* Release */ = {
			isa = XCBuildConfiguration;
			buildSettings = {
				ASSETCATALOG_COMPILER_APPICON_NAME = AppIcon;
				ASSETCATALOG_COMPILER_GLOBAL_ACCENT_COLOR_NAME = AccentColor;
				CODE_SIGN_IDENTITY = "Apple Development";
				CODE_SIGN_STYLE = Automatic;
				CURRENT_PROJECT_VERSION = 1;
				DEVELOPMENT_TEAM = KH2J34Z4ZK;
				GENERATE_INFOPLIST_FILE = YES;
				INFOPLIST_KEY_NSCameraUsageDescription = "";
				INFOPLIST_KEY_UIApplicationSupportsIndirectInputEvents = YES;
				INFOPLIST_KEY_UILaunchStoryboardName = LaunchScreen;
				INFOPLIST_KEY_UIMainStoryboardFile = Main;
				INFOPLIST_KEY_UIRequiredDeviceCapabilities = arkit;
				INFOPLIST_KEY_UIStatusBarHidden = YES;
				INFOPLIST_KEY_UISupportedInterfaceOrientations_iPad = "UIInterfaceOrientationPortrait UIInterfaceOrientationPortraitUpsideDown UIInterfaceOrientationLandscapeLeft UIInterfaceOrientationLandscapeRight";
				INFOPLIST_KEY_UISupportedInterfaceOrientations_iPhone = "UIInterfaceOrientationPortrait UIInterfaceOrientationLandscapeLeft UIInterfaceOrientationLandscapeRight";
				LD_RUNPATH_SEARCH_PATHS = (
					"$(inherited)",
					"@executable_path/Frameworks",
				);
				MARKETING_VERSION = 1.0;
				PRODUCT_BUNDLE_IDENTIFIER = hyeonheebee.com;
				PRODUCT_NAME = "$(TARGET_NAME)";
				PROVISIONING_PROFILE_SPECIFIER = "";
				SWIFT_EMIT_LOC_STRINGS = YES;
				SWIFT_VERSION = 5.0;
				TARGETED_DEVICE_FAMILY = "1,2";
			};
			name = Release;
		};
/* End XCBuildConfiguration section */

/* Begin XCConfigurationList section */
		05CABD662A41DBEB0030ECFA /* Build configuration list for PBXProject "NC2_ARKit" */ = {
			isa = XCConfigurationList;
			buildConfigurations = (
				05CABD7C2A41DBEB0030ECFA /* Debug */,
				05CABD7D2A41DBEB0030ECFA /* Release */,
			);
			defaultConfigurationIsVisible = 0;
			defaultConfigurationName = Release;
		};
		05CABD7E2A41DBEB0030ECFA /* Build configuration list for PBXNativeTarget "NC2_ARKit" */ = {
			isa = XCConfigurationList;
			buildConfigurations = (
				05CABD7F2A41DBEB0030ECFA /* Debug */,
				05CABD802A41DBEB0030ECFA /* Release */,
			);
			defaultConfigurationIsVisible = 0;
			defaultConfigurationName = Release;
		};
/* End XCConfigurationList section */
	};
	rootObject = 05CABD632A41DBEB0030ECFA /* Project object */;
}
